
Microsoft Visual Studio Solution File, Format Version 12.00
# Visual Studio Version 17
VisualStudioVersion = 17.8.34525.116
MinimumVisualStudioVersion = 10.0.40219.1
Project("{9A19103F-16F7-4668-BE54-9A1E7A4F7556}") = "OsuMapFinder.Server", "OsuMapFinder.Server\OsuMapFinder.Server.csproj", "{AB811BFB-3D6D-44F7-B8C8-2D16ACF8CD19}"
	ProjectSection(ProjectDependencies) = postProject
		{1FFE6889-03CA-45E4-B681-83BC1A40EF0D} = {1FFE6889-03CA-45E4-B681-83BC1A40EF0D}
	EndProjectSection
EndProject
Project("{9A19103F-16F7-4668-BE54-9A1E7A4F7556}") = "OsuMapFinder.Application", "OsuMapFinder.Application\OsuMapFinder.Application.csproj", "{D391F98A-E143-47E8-B82B-1A4B1CEC4DC2}"
EndProject
Project("{9A19103F-16F7-4668-BE54-9A1E7A4F7556}") = "OsuMapFinder.Data", "OsuMapFinder.Data\OsuMapFinder.Data.csproj", "{1FFE6889-03CA-45E4-B681-83BC1A40EF0D}"
EndProject
Global
	GlobalSection(SolutionConfigurationPlatforms) = preSolution
		Debug|Any CPU = Debug|Any CPU
		Release|Any CPU = Release|Any CPU
	EndGlobalSection
	GlobalSection(ProjectConfigurationPlatforms) = postSolution
		{AB811BFB-3D6D-44F7-B8C8-2D16ACF8CD19}.Debug|Any CPU.ActiveCfg = Debug|Any CPU
		{AB811BFB-3D6D-44F7-B8C8-2D16ACF8CD19}.Debug|Any CPU.Build.0 = Debug|Any CPU
		{AB811BFB-3D6D-44F7-B8C8-2D16ACF8CD19}.Release|Any CPU.ActiveCfg = Release|Any CPU
		{AB811BFB-3D6D-44F7-B8C8-2D16ACF8CD19}.Release|Any CPU.Build.0 = Release|Any CPU
		{D391F98A-E143-47E8-B82B-1A4B1CEC4DC2}.Debug|Any CPU.ActiveCfg = Debug|Any CPU
		{D391F98A-E143-47E8-B82B-1A4B1CEC4DC2}.Debug|Any CPU.Build.0 = Debug|Any CPU
		{D391F98A-E143-47E8-B82B-1A4B1CEC4DC2}.Release|Any CPU.ActiveCfg = Release|Any CPU
		{D391F98A-E143-47E8-B82B-1A4B1CEC4DC2}.Release|Any CPU.Build.0 = Release|Any CPU
		{1FFE6889-03CA-45E4-B681-83BC1A40EF0D}.Debug|Any CPU.ActiveCfg = Debug|Any CPU
		{1FFE6889-03CA-45E4-B681-83BC1A40EF0D}.Debug|Any CPU.Build.0 = Debug|Any CPU
		{1FFE6889-03CA-45E4-B681-83BC1A40EF0D}.Release|Any CPU.ActiveCfg = Release|Any CPU
		{1FFE6889-03CA-45E4-B681-83BC1A40EF0D}.Release|Any CPU.Build.0 = Release|Any CPU
	EndGlobalSection
	GlobalSection(SolutionProperties) = preSolution
		HideSolutionNode = FALSE
	EndGlobalSection
	GlobalSection(ExtensibilityGlobals) = postSolution
		SolutionGuid = {15AAB4F0-3510-49B7-9646-7585E41B7A5D}
	EndGlobalSection
EndGlobal
